// !$*UTF8*$!
{
	archiveVersion = 1;
	classes = {
	};
	objectVersion = 56;
	objects = {

/* Begin PBXBuildFile section */
		2E35C8972BB1A8D8004F5557 /* BudgieApp.swift in Sources */ = {isa = PBXBuildFile; fileRef = 2E35C8962BB1A8D8004F5557 /* BudgieApp.swift */; };
		2E35C8992BB1A8D8004F5557 /* StartScreenView.swift in Sources */ = {isa = PBXBuildFile; fileRef = 2E35C8982BB1A8D8004F5557 /* StartScreenView.swift */; };
		2E35C89B2BB1A8DB004F5557 /* Assets.xcassets in Resources */ = {isa = PBXBuildFile; fileRef = 2E35C89A2BB1A8DB004F5557 /* Assets.xcassets */; };
		2E35C89E2BB1A8DB004F5557 /* Preview Assets.xcassets in Resources */ = {isa = PBXBuildFile; fileRef = 2E35C89D2BB1A8DB004F5557 /* Preview Assets.xcassets */; };
		2E35C8A82BB318E9004F5557 /* AskQuestionView.swift in Sources */ = {isa = PBXBuildFile; fileRef = 2E35C8A72BB318E9004F5557 /* AskQuestionView.swift */; };
		2E35C8AA2BB32BBF004F5557 /* QuestionPage.swift in Sources */ = {isa = PBXBuildFile; fileRef = 2E35C8A92BB32BBF004F5557 /* QuestionPage.swift */; };
		2E68F6AF2C174BDF00F2058E /* BudgieViewModel.swift in Sources */ = {isa = PBXBuildFile; fileRef = 2E68F6AE2C174BDF00F2058E /* BudgieViewModel.swift */; };
		2E68F6B22C174C4100F2058E /* Database.swift in Sources */ = {isa = PBXBuildFile; fileRef = 2E68F6B12C174C4100F2058E /* Database.swift */; };
		2E68F6B52C177CB100F2058E /* Auth in Frameworks */ = {isa = PBXBuildFile; productRef = 2E68F6B42C177CB100F2058E /* Auth */; };
		2E68F6B72C177CB100F2058E /* Functions in Frameworks */ = {isa = PBXBuildFile; productRef = 2E68F6B62C177CB100F2058E /* Functions */; };
		2E68F6B92C177CB100F2058E /* PostgREST in Frameworks */ = {isa = PBXBuildFile; productRef = 2E68F6B82C177CB100F2058E /* PostgREST */; };
		2E68F6BB2C177CB100F2058E /* Realtime in Frameworks */ = {isa = PBXBuildFile; productRef = 2E68F6BA2C177CB100F2058E /* Realtime */; };
		2E68F6BD2C177CB100F2058E /* Storage in Frameworks */ = {isa = PBXBuildFile; productRef = 2E68F6BC2C177CB100F2058E /* Storage */; };
		2E68F6BF2C177CB100F2058E /* Supabase in Frameworks */ = {isa = PBXBuildFile; productRef = 2E68F6BE2C177CB100F2058E /* Supabase */; };
		2E68F6C12C19EC3E00F2058E /* FinalBudgets.swift in Sources */ = {isa = PBXBuildFile; fileRef = 2E68F6C02C19EC3E00F2058E /* FinalBudgets.swift */; };
		2EC036812C08B1D0004BA3C5 /* ChartScreenView.swift in Sources */ = {isa = PBXBuildFile; fileRef = 2EC036802C08B1D0004BA3C5 /* ChartScreenView.swift */; };
		2EC036832C0A2943004BA3C5 /* FinalBudgetView.swift in Sources */ = {isa = PBXBuildFile; fileRef = 2EC036822C0A2943004BA3C5 /* FinalBudgetView.swift */; };
		2EC036852C0E53EF004BA3C5 /* SecondQuestionPageView.swift in Sources */ = {isa = PBXBuildFile; fileRef = 2EC036842C0E53EF004BA3C5 /* SecondQuestionPageView.swift */; };
		2EC036872C11EEC0004BA3C5 /* OpeningView.swift in Sources */ = {isa = PBXBuildFile; fileRef = 2EC036862C11EEC0004BA3C5 /* OpeningView.swift */; };
		2EC036892C11EFF7004BA3C5 /* HomeScreenView.swift in Sources */ = {isa = PBXBuildFile; fileRef = 2EC036882C11EFF7004BA3C5 /* HomeScreenView.swift */; };
/* End PBXBuildFile section */

/* Begin PBXFileReference section */
		2E35C8932BB1A8D8004F5557 /* Budgie.app */ = {isa = PBXFileReference; explicitFileType = wrapper.application; includeInIndex = 0; path = Budgie.app; sourceTree = BUILT_PRODUCTS_DIR; };
		2E35C8962BB1A8D8004F5557 /* BudgieApp.swift */ = {isa = PBXFileReference; lastKnownFileType = sourcecode.swift; path = BudgieApp.swift; sourceTree = "<group>"; };
		2E35C8982BB1A8D8004F5557 /* StartScreenView.swift */ = {isa = PBXFileReference; lastKnownFileType = sourcecode.swift; path = StartScreenView.swift; sourceTree = "<group>"; };
		2E35C89A2BB1A8DB004F5557 /* Assets.xcassets */ = {isa = PBXFileReference; lastKnownFileType = folder.assetcatalog; path = Assets.xcassets; sourceTree = "<group>"; };
		2E35C89D2BB1A8DB004F5557 /* Preview Assets.xcassets */ = {isa = PBXFileReference; lastKnownFileType = folder.assetcatalog; path = "Preview Assets.xcassets"; sourceTree = "<group>"; };
		2E35C8A72BB318E9004F5557 /* AskQuestionView.swift */ = {isa = PBXFileReference; lastKnownFileType = sourcecode.swift; path = AskQuestionView.swift; sourceTree = "<group>"; };
		2E35C8A92BB32BBF004F5557 /* QuestionPage.swift */ = {isa = PBXFileReference; lastKnownFileType = sourcecode.swift; path = QuestionPage.swift; sourceTree = "<group>"; };
		2E68F6AE2C174BDF00F2058E /* BudgieViewModel.swift */ = {isa = PBXFileReference; lastKnownFileType = sourcecode.swift; path = BudgieViewModel.swift; sourceTree = "<group>"; };
		2E68F6B12C174C4100F2058E /* Database.swift */ = {isa = PBXFileReference; lastKnownFileType = sourcecode.swift; path = Database.swift; sourceTree = "<group>"; };
		2E68F6C02C19EC3E00F2058E /* FinalBudgets.swift */ = {isa = PBXFileReference; lastKnownFileType = sourcecode.swift; path = FinalBudgets.swift; sourceTree = "<group>"; };
		2EC036802C08B1D0004BA3C5 /* ChartScreenView.swift */ = {isa = PBXFileReference; lastKnownFileType = sourcecode.swift; path = ChartScreenView.swift; sourceTree = "<group>"; };
		2EC036822C0A2943004BA3C5 /* FinalBudgetView.swift */ = {isa = PBXFileReference; lastKnownFileType = sourcecode.swift; path = FinalBudgetView.swift; sourceTree = "<group>"; };
		2EC036842C0E53EF004BA3C5 /* SecondQuestionPageView.swift */ = {isa = PBXFileReference; lastKnownFileType = sourcecode.swift; path = SecondQuestionPageView.swift; sourceTree = "<group>"; };
		2EC036862C11EEC0004BA3C5 /* OpeningView.swift */ = {isa = PBXFileReference; lastKnownFileType = sourcecode.swift; path = OpeningView.swift; sourceTree = "<group>"; };
		2EC036882C11EFF7004BA3C5 /* HomeScreenView.swift */ = {isa = PBXFileReference; lastKnownFileType = sourcecode.swift; path = HomeScreenView.swift; sourceTree = "<group>"; };
/* End PBXFileReference section */

/* Begin PBXFrameworksBuildPhase section */
		2E35C8902BB1A8D8004F5557 /* Frameworks */ = {
			isa = PBXFrameworksBuildPhase;
			buildActionMask = 2147483647;
			files = (
				2E68F6B92C177CB100F2058E /* PostgREST in Frameworks */,
				2E68F6B72C177CB100F2058E /* Functions in Frameworks */,
				2E68F6BF2C177CB100F2058E /* Supabase in Frameworks */,
				2E68F6B52C177CB100F2058E /* Auth in Frameworks */,
				2E68F6BD2C177CB100F2058E /* Storage in Frameworks */,
				2E68F6BB2C177CB100F2058E /* Realtime in Frameworks */,
			);
			runOnlyForDeploymentPostprocessing = 0;
		};
/* End PBXFrameworksBuildPhase section */

/* Begin PBXGroup section */
		2E35C88A2BB1A8D8004F5557 = {
			isa = PBXGroup;
			children = (
				2E35C8952BB1A8D8004F5557 /* Budgie */,
				2E35C8942BB1A8D8004F5557 /* Products */,
			);
			sourceTree = "<group>";
		};
		2E35C8942BB1A8D8004F5557 /* Products */ = {
			isa = PBXGroup;
			children = (
				2E35C8932BB1A8D8004F5557 /* Budgie.app */,
			);
			name = Products;
			sourceTree = "<group>";
		};
		2E35C8952BB1A8D8004F5557 /* Budgie */ = {
			isa = PBXGroup;
			children = (
				2E68F6AD2C174BAA00F2058E /* ViewModel */,
				2E68F6B02C174C1C00F2058E /* Helpers */,
				2E35C8A62BB1A953004F5557 /* Models */,
				2E35C8A42BB1A928004F5557 /* Views */,
				2E35C8962BB1A8D8004F5557 /* BudgieApp.swift */,
				2E35C89A2BB1A8DB004F5557 /* Assets.xcassets */,
				2E35C89C2BB1A8DB004F5557 /* Preview Content */,
			);
			path = Budgie;
			sourceTree = "<group>";
		};
		2E35C89C2BB1A8DB004F5557 /* Preview Content */ = {
			isa = PBXGroup;
			children = (
				2E35C89D2BB1A8DB004F5557 /* Preview Assets.xcassets */,
			);
			path = "Preview Content";
			sourceTree = "<group>";
		};
		2E35C8A42BB1A928004F5557 /* Views */ = {
			isa = PBXGroup;
			children = (
				2EC036862C11EEC0004BA3C5 /* OpeningView.swift */,
				2E35C8982BB1A8D8004F5557 /* StartScreenView.swift */,
				2EC036882C11EFF7004BA3C5 /* HomeScreenView.swift */,
				2E35C8A72BB318E9004F5557 /* AskQuestionView.swift */,
				2EC036842C0E53EF004BA3C5 /* SecondQuestionPageView.swift */,
				2EC036822C0A2943004BA3C5 /* FinalBudgetView.swift */,
				2EC036802C08B1D0004BA3C5 /* ChartScreenView.swift */,
			);
			path = Views;
			sourceTree = "<group>";
		};
		2E35C8A62BB1A953004F5557 /* Models */ = {
			isa = PBXGroup;
			children = (
				2E35C8A92BB32BBF004F5557 /* QuestionPage.swift */,
				2E68F6C02C19EC3E00F2058E /* FinalBudgets.swift */,
			);
			path = Models;
			sourceTree = "<group>";
		};
		2E68F6AD2C174BAA00F2058E /* ViewModel */ = {
			isa = PBXGroup;
			children = (
				2E68F6AE2C174BDF00F2058E /* BudgieViewModel.swift */,
			);
			path = ViewModel;
			sourceTree = "<group>";
		};
		2E68F6B02C174C1C00F2058E /* Helpers */ = {
			isa = PBXGroup;
			children = (
				2E68F6B12C174C4100F2058E /* Database.swift */,
			);
			path = Helpers;
			sourceTree = "<group>";
		};
/* End PBXGroup section */

/* Begin PBXNativeTarget section */
		2E35C8922BB1A8D8004F5557 /* Budgie */ = {
			isa = PBXNativeTarget;
			buildConfigurationList = 2E35C8A12BB1A8DB004F5557 /* Build configuration list for PBXNativeTarget "Budgie" */;
			buildPhases = (
				2E35C88F2BB1A8D8004F5557 /* Sources */,
				2E35C8902BB1A8D8004F5557 /* Frameworks */,
				2E35C8912BB1A8D8004F5557 /* Resources */,
			);
			buildRules = (
			);
			dependencies = (
			);
			name = Budgie;
			packageProductDependencies = (
				2E68F6B42C177CB100F2058E /* Auth */,
				2E68F6B62C177CB100F2058E /* Functions */,
				2E68F6B82C177CB100F2058E /* PostgREST */,
				2E68F6BA2C177CB100F2058E /* Realtime */,
				2E68F6BC2C177CB100F2058E /* Storage */,
				2E68F6BE2C177CB100F2058E /* Supabase */,
			);
			productName = Budgie;
			productReference = 2E35C8932BB1A8D8004F5557 /* Budgie.app */;
			productType = "com.apple.product-type.application";
		};
/* End PBXNativeTarget section */

/* Begin PBXProject section */
		2E35C88B2BB1A8D8004F5557 /* Project object */ = {
			isa = PBXProject;
			attributes = {
				BuildIndependentTargetsInParallel = 1;
				LastSwiftUpdateCheck = 1520;
				LastUpgradeCheck = 1520;
				TargetAttributes = {
					2E35C8922BB1A8D8004F5557 = {
						CreatedOnToolsVersion = 15.2;
					};
				};
			};
			buildConfigurationList = 2E35C88E2BB1A8D8004F5557 /* Build configuration list for PBXProject "Budgie" */;
			compatibilityVersion = "Xcode 14.0";
			developmentRegion = en;
			hasScannedForEncodings = 0;
			knownRegions = (
				en,
				Base,
			);
			mainGroup = 2E35C88A2BB1A8D8004F5557;
			packageReferences = (
				2E68F6B32C177CB100F2058E /* XCRemoteSwiftPackageReference "supabase-swift" */,
			);
			productRefGroup = 2E35C8942BB1A8D8004F5557 /* Products */;
			projectDirPath = "";
			projectRoot = "";
			targets = (
				2E35C8922BB1A8D8004F5557 /* Budgie */,
			);
		};
/* End PBXProject section */

/* Begin PBXResourcesBuildPhase section */
		2E35C8912BB1A8D8004F5557 /* Resources */ = {
			isa = PBXResourcesBuildPhase;
			buildActionMask = 2147483647;
			files = (
				2E35C89E2BB1A8DB004F5557 /* Preview Assets.xcassets in Resources */,
				2E35C89B2BB1A8DB004F5557 /* Assets.xcassets in Resources */,
			);
			runOnlyForDeploymentPostprocessing = 0;
		};
/* End PBXResourcesBuildPhase section */

/* Begin PBXSourcesBuildPhase section */
		2E35C88F2BB1A8D8004F5557 /* Sources */ = {
			isa = PBXSourcesBuildPhase;
			buildActionMask = 2147483647;
			files = (
				2E35C8992BB1A8D8004F5557 /* StartScreenView.swift in Sources */,
				2E68F6B22C174C4100F2058E /* Database.swift in Sources */,
				2EC036812C08B1D0004BA3C5 /* ChartScreenView.swift in Sources */,
				2E35C8AA2BB32BBF004F5557 /* QuestionPage.swift in Sources */,
				2EC036892C11EFF7004BA3C5 /* HomeScreenView.swift in Sources */,
				2E68F6C12C19EC3E00F2058E /* FinalBudgets.swift in Sources */,
				2E35C8972BB1A8D8004F5557 /* BudgieApp.swift in Sources */,
				2EC036852C0E53EF004BA3C5 /* SecondQuestionPageView.swift in Sources */,
				2E68F6AF2C174BDF00F2058E /* BudgieViewModel.swift in Sources */,
				2EC036832C0A2943004BA3C5 /* FinalBudgetView.swift in Sources */,
				2E35C8A82BB318E9004F5557 /* AskQuestionView.swift in Sources */,
				2EC036872C11EEC0004BA3C5 /* OpeningView.swift in Sources */,
			);
			runOnlyForDeploymentPostprocessing = 0;
		};
/* End PBXSourcesBuildPhase section */

/* Begin XCBuildConfiguration section */
		2E35C89F2BB1A8DB004F5557 /* Debug */ = {
			isa = XCBuildConfiguration;
			buildSettings = {
				ALWAYS_SEARCH_USER_PATHS = NO;
				ASSETCATALOG_COMPILER_GENERATE_SWIFT_ASSET_SYMBOL_EXTENSIONS = YES;
				CLANG_ANALYZER_NONNULL = YES;
				CLANG_ANALYZER_NUMBER_OBJECT_CONVERSION = YES_AGGRESSIVE;
				CLANG_CXX_LANGUAGE_STANDARD = "gnu++20";
				CLANG_ENABLE_MODULES = YES;
				CLANG_ENABLE_OBJC_ARC = YES;
				CLANG_ENABLE_OBJC_WEAK = YES;
				CLANG_WARN_BLOCK_CAPTURE_AUTORELEASING = YES;
				CLANG_WARN_BOOL_CONVERSION = YES;
				CLANG_WARN_COMMA = YES;
				CLANG_WARN_CONSTANT_CONVERSION = YES;
				CLANG_WARN_DEPRECATED_OBJC_IMPLEMENTATIONS = YES;
				CLANG_WARN_DIRECT_OBJC_ISA_USAGE = YES_ERROR;
				CLANG_WARN_DOCUMENTATION_COMMENTS = YES;
				CLANG_WARN_EMPTY_BODY = YES;
				CLANG_WARN_ENUM_CONVERSION = YES;
				CLANG_WARN_INFINITE_RECURSION = YES;
				CLANG_WARN_INT_CONVERSION = YES;
				CLANG_WARN_NON_LITERAL_NULL_CONVERSION = YES;
				CLANG_WARN_OBJC_IMPLICIT_RETAIN_SELF = YES;
				CLANG_WARN_OBJC_LITERAL_CONVERSION = YES;
				CLANG_WARN_OBJC_ROOT_CLASS = YES_ERROR;
				CLANG_WARN_QUOTED_INCLUDE_IN_FRAMEWORK_HEADER = YES;
				CLANG_WARN_RANGE_LOOP_ANALYSIS = YES;
				CLANG_WARN_STRICT_PROTOTYPES = YES;
				CLANG_WARN_SUSPICIOUS_MOVE = YES;
				CLANG_WARN_UNGUARDED_AVAILABILITY = YES_AGGRESSIVE;
				CLANG_WARN_UNREACHABLE_CODE = YES;
				CLANG_WARN__DUPLICATE_METHOD_MATCH = YES;
				COPY_PHASE_STRIP = NO;
				DEBUG_INFORMATION_FORMAT = dwarf;
				ENABLE_STRICT_OBJC_MSGSEND = YES;
				ENABLE_TESTABILITY = YES;
				ENABLE_USER_SCRIPT_SANDBOXING = YES;
				GCC_C_LANGUAGE_STANDARD = gnu17;
				GCC_DYNAMIC_NO_PIC = NO;
				GCC_NO_COMMON_BLOCKS = YES;
				GCC_OPTIMIZATION_LEVEL = 0;
				GCC_PREPROCESSOR_DEFINITIONS = (
					"DEBUG=1",
					"$(inherited)",
				);
				GCC_WARN_64_TO_32_BIT_CONVERSION = YES;
				GCC_WARN_ABOUT_RETURN_TYPE = YES_ERROR;
				GCC_WARN_UNDECLARED_SELECTOR = YES;
				GCC_WARN_UNINITIALIZED_AUTOS = YES_AGGRESSIVE;
				GCC_WARN_UNUSED_FUNCTION = YES;
				GCC_WARN_UNUSED_VARIABLE = YES;
				IPHONEOS_DEPLOYMENT_TARGET = 17.2;
				LOCALIZATION_PREFERS_STRING_CATALOGS = YES;
				MTL_ENABLE_DEBUG_INFO = INCLUDE_SOURCE;
				MTL_FAST_MATH = YES;
				ONLY_ACTIVE_ARCH = YES;
				SDKROOT = iphoneos;
				SWIFT_ACTIVE_COMPILATION_CONDITIONS = "DEBUG $(inherited)";
				SWIFT_OPTIMIZATION_LEVEL = "-Onone";
			};
			name = Debug;
		};
		2E35C8A02BB1A8DB004F5557 /* Release */ = {
			isa = XCBuildConfiguration;
			buildSettings = {
				ALWAYS_SEARCH_USER_PATHS = NO;
				ASSETCATALOG_COMPILER_GENERATE_SWIFT_ASSET_SYMBOL_EXTENSIONS = YES;
				CLANG_ANALYZER_NONNULL = YES;
				CLANG_ANALYZER_NUMBER_OBJECT_CONVERSION = YES_AGGRESSIVE;
				CLANG_CXX_LANGUAGE_STANDARD = "gnu++20";
				CLANG_ENABLE_MODULES = YES;
				CLANG_ENABLE_OBJC_ARC = YES;
				CLANG_ENABLE_OBJC_WEAK = YES;
				CLANG_WARN_BLOCK_CAPTURE_AUTORELEASING = YES;
				CLANG_WARN_BOOL_CONVERSION = YES;
				CLANG_WARN_COMMA = YES;
				CLANG_WARN_CONSTANT_CONVERSION = YES;
				CLANG_WARN_DEPRECATED_OBJC_IMPLEMENTATIONS = YES;
				CLANG_WARN_DIRECT_OBJC_ISA_USAGE = YES_ERROR;
				CLANG_WARN_DOCUMENTATION_COMMENTS = YES;
				CLANG_WARN_EMPTY_BODY = YES;
				CLANG_WARN_ENUM_CONVERSION = YES;
				CLANG_WARN_INFINITE_RECURSION = YES;
				CLANG_WARN_INT_CONVERSION = YES;
				CLANG_WARN_NON_LITERAL_NULL_CONVERSION = YES;
				CLANG_WARN_OBJC_IMPLICIT_RETAIN_SELF = YES;
				CLANG_WARN_OBJC_LITERAL_CONVERSION = YES;
				CLANG_WARN_OBJC_ROOT_CLASS = YES_ERROR;
				CLANG_WARN_QUOTED_INCLUDE_IN_FRAMEWORK_HEADER = YES;
				CLANG_WARN_RANGE_LOOP_ANALYSIS = YES;
				CLANG_WARN_STRICT_PROTOTYPES = YES;
				CLANG_WARN_SUSPICIOUS_MOVE = YES;
				CLANG_WARN_UNGUARDED_AVAILABILITY = YES_AGGRESSIVE;
				CLANG_WARN_UNREACHABLE_CODE = YES;
				CLANG_WARN__DUPLICATE_METHOD_MATCH = YES;
				COPY_PHASE_STRIP = NO;
				DEBUG_INFORMATION_FORMAT = "dwarf-with-dsym";
				ENABLE_NS_ASSERTIONS = NO;
				ENABLE_STRICT_OBJC_MSGSEND = YES;
				ENABLE_USER_SCRIPT_SANDBOXING = YES;
				GCC_C_LANGUAGE_STANDARD = gnu17;
				GCC_NO_COMMON_BLOCKS = YES;
				GCC_WARN_64_TO_32_BIT_CONVERSION = YES;
				GCC_WARN_ABOUT_RETURN_TYPE = YES_ERROR;
				GCC_WARN_UNDECLARED_SELECTOR = YES;
				GCC_WARN_UNINITIALIZED_AUTOS = YES_AGGRESSIVE;
				GCC_WARN_UNUSED_FUNCTION = YES;
				GCC_WARN_UNUSED_VARIABLE = YES;
				IPHONEOS_DEPLOYMENT_TARGET = 17.2;
				LOCALIZATION_PREFERS_STRING_CATALOGS = YES;
				MTL_ENABLE_DEBUG_INFO = NO;
				MTL_FAST_MATH = YES;
				SDKROOT = iphoneos;
				SWIFT_COMPILATION_MODE = wholemodule;
				VALIDATE_PRODUCT = YES;
			};
			name = Release;
		};
		2E35C8A22BB1A8DB004F5557 /* Debug */ = {
			isa = XCBuildConfiguration;
			buildSettings = {
				ASSETCATALOG_COMPILER_APPICON_NAME = AppIcon;
				ASSETCATALOG_COMPILER_GLOBAL_ACCENT_COLOR_NAME = AccentColor;
				CODE_SIGN_STYLE = Automatic;
				CURRENT_PROJECT_VERSION = 1;
				DEVELOPMENT_ASSET_PATHS = "\"Budgie/Preview Content\"";
				DEVELOPMENT_TEAM = Z32UWNRCJ3;
				ENABLE_PREVIEWS = YES;
				GENERATE_INFOPLIST_FILE = YES;
				INFOPLIST_KEY_UIApplicationSceneManifest_Generation = YES;
				INFOPLIST_KEY_UIApplicationSupportsIndirectInputEvents = YES;
				INFOPLIST_KEY_UILaunchScreen_Generation = YES;
				INFOPLIST_KEY_UISupportedInterfaceOrientations_iPad = "UIInterfaceOrientationPortrait UIInterfaceOrientationPortraitUpsideDown UIInterfaceOrientationLandscapeLeft UIInterfaceOrientationLandscapeRight";
				INFOPLIST_KEY_UISupportedInterfaceOrientations_iPhone = "UIInterfaceOrientationPortrait UIInterfaceOrientationLandscapeLeft UIInterfaceOrientationLandscapeRight";
				LD_RUNPATH_SEARCH_PATHS = (
					"$(inherited)",
					"@executable_path/Frameworks",
				);
				MARKETING_VERSION = 1.0;
				PRODUCT_BUNDLE_IDENTIFIER = ca.vedacunniffe.Budgie;
				PRODUCT_NAME = "$(TARGET_NAME)";
				SWIFT_EMIT_LOC_STRINGS = YES;
				SWIFT_VERSION = 5.0;
				TARGETED_DEVICE_FAMILY = "1,2";
			};
			name = Debug;
		};
		2E35C8A32BB1A8DB004F5557 /* Release */ = {
			isa = XCBuildConfiguration;
			buildSettings = {
				ASSETCATALOG_COMPILER_APPICON_NAME = AppIcon;
				ASSETCATALOG_COMPILER_GLOBAL_ACCENT_COLOR_NAME = AccentColor;
				CODE_SIGN_STYLE = Automatic;
				CURRENT_PROJECT_VERSION = 1;
				DEVELOPMENT_ASSET_PATHS = "\"Budgie/Preview Content\"";
				DEVELOPMENT_TEAM = Z32UWNRCJ3;
				ENABLE_PREVIEWS = YES;
				GENERATE_INFOPLIST_FILE = YES;
				INFOPLIST_KEY_UIApplicationSceneManifest_Generation = YES;
				INFOPLIST_KEY_UIApplicationSupportsIndirectInputEvents = YES;
				INFOPLIST_KEY_UILaunchScreen_Generation = YES;
				INFOPLIST_KEY_UISupportedInterfaceOrientations_iPad = "UIInterfaceOrientationPortrait UIInterfaceOrientationPortraitUpsideDown UIInterfaceOrientationLandscapeLeft UIInterfaceOrientationLandscapeRight";
				INFOPLIST_KEY_UISupportedInterfaceOrientations_iPhone = "UIInterfaceOrientationPortrait UIInterfaceOrientationLandscapeLeft UIInterfaceOrientationLandscapeRight";
				LD_RUNPATH_SEARCH_PATHS = (
					"$(inherited)",
					"@executable_path/Frameworks",
				);
				MARKETING_VERSION = 1.0;
				PRODUCT_BUNDLE_IDENTIFIER = ca.vedacunniffe.Budgie;
				PRODUCT_NAME = "$(TARGET_NAME)";
				SWIFT_EMIT_LOC_STRINGS = YES;
				SWIFT_VERSION = 5.0;
				TARGETED_DEVICE_FAMILY = "1,2";
			};
			name = Release;
		};
/* End XCBuildConfiguration section */

/* Begin XCConfigurationList section */
		2E35C88E2BB1A8D8004F5557 /* Build configuration list for PBXProject "Budgie" */ = {
			isa = XCConfigurationList;
			buildConfigurations = (
				2E35C89F2BB1A8DB004F5557 /* Debug */,
				2E35C8A02BB1A8DB004F5557 /* Release */,
			);
			defaultConfigurationIsVisible = 0;
			defaultConfigurationName = Release;
		};
		2E35C8A12BB1A8DB004F5557 /* Build configuration list for PBXNativeTarget "Budgie" */ = {
			isa = XCConfigurationList;
			buildConfigurations = (
				2E35C8A22BB1A8DB004F5557 /* Debug */,
				2E35C8A32BB1A8DB004F5557 /* Release */,
			);
			defaultConfigurationIsVisible = 0;
			defaultConfigurationName = Release;
		};
/* End XCConfigurationList section */

/* Begin XCRemoteSwiftPackageReference section */
		2E68F6B32C177CB100F2058E /* XCRemoteSwiftPackageReference "supabase-swift" */ = {
			isa = XCRemoteSwiftPackageReference;
			repositoryURL = "https://github.com/supabase-community/supabase-swift";
			requirement = {
				kind = upToNextMajorVersion;
				minimumVersion = 2.5.1;
			};
		};
/* End XCRemoteSwiftPackageReference section */

/* Begin XCSwiftPackageProductDependency section */
		2E68F6B42C177CB100F2058E /* Auth */ = {
			isa = XCSwiftPackageProductDependency;
			package = 2E68F6B32C177CB100F2058E /* XCRemoteSwiftPackageReference "supabase-swift" */;
			productName = Auth;
		};
		2E68F6B62C177CB100F2058E /* Functions */ = {
			isa = XCSwiftPackageProductDependency;
			package = 2E68F6B32C177CB100F2058E /* XCRemoteSwiftPackageReference "supabase-swift" */;
			productName = Functions;
		};
		2E68F6B82C177CB100F2058E /* PostgREST */ = {
			isa = XCSwiftPackageProductDependency;
			package = 2E68F6B32C177CB100F2058E /* XCRemoteSwiftPackageReference "supabase-swift" */;
			productName = PostgREST;
		};
		2E68F6BA2C177CB100F2058E /* Realtime */ = {
			isa = XCSwiftPackageProductDependency;
			package = 2E68F6B32C177CB100F2058E /* XCRemoteSwiftPackageReference "supabase-swift" */;
			productName = Realtime;
		};
		2E68F6BC2C177CB100F2058E /* Storage */ = {
			isa = XCSwiftPackageProductDependency;
			package = 2E68F6B32C177CB100F2058E /* XCRemoteSwiftPackageReference "supabase-swift" */;
			productName = Storage;
		};
		2E68F6BE2C177CB100F2058E /* Supabase */ = {
			isa = XCSwiftPackageProductDependency;
			package = 2E68F6B32C177CB100F2058E /* XCRemoteSwiftPackageReference "supabase-swift" */;
			productName = Supabase;
		};
/* End XCSwiftPackageProductDependency section */
	};
	rootObject = 2E35C88B2BB1A8D8004F5557 /* Project object */;
}
